// !$*UTF8*$!
{
	archiveVersion = 1;
	classes = {
	};
	objectVersion = 77;
	objects = {

/* Begin PBXBuildFile section */
		UP0000000000000000000001 /* Sparkle in Frameworks */ = {isa = PBXBuildFile; productRef = UP0000000000000000000005 /* Sparkle */; };
		UP0000000000000000000006 /* UpdateController.swift in Sources */ = {isa = PBXBuildFile; fileRef = UP0000000000000000000008 /* UpdateController.swift */; };
		UP0000000000000000000007 /* UpdateCheckPolicy.swift in Sources */ = {isa = PBXBuildFile; fileRef = UP0000000000000000000009 /* UpdateCheckPolicy.swift */; };
		UP000000000000000000000A /* UpdateCheckPolicy.swift in Sources */ = {isa = PBXBuildFile; fileRef = UP0000000000000000000009 /* UpdateCheckPolicy.swift */; };
		UP000000000000000000000B /* UpdateCheckPolicyTests.swift in Sources */ = {isa = PBXBuildFile; fileRef = UP000000000000000000000C /* UpdateCheckPolicyTests.swift */; };
        FA0000000000000000000001 = {isa = PBXBuildFile; fileRef = FA0000000000000000000000; };
        FA0000000000000000000002 = {isa = PBXBuildFile; fileRef = FA0000000000000000000000; };
        FB0000000000000000000001 = {isa = PBXBuildFile; fileRef = FB0000000000000000000000 /* AgentResumeStrip.swift */; };
        FB0000000000000000000002 = {isa = PBXBuildFile; fileRef = FB0000000000000000000000 /* AgentResumeStrip.swift */; };
		FG0000000000000000000065 /* AgentCommandProposal.swift in Sources */ = {isa = PBXBuildFile; fileRef = FG0000000000000000000000 /* AgentCommandProposal.swift */; };
		FG0000000000000000000064 /* AgentCommandProposal.swift in Sources */ = {isa = PBXBuildFile; fileRef = FG0000000000000000000000 /* AgentCommandProposal.swift */; };
		EF0000000000000000000066 /* PromptIntentClassifierTests.swift in Sources */ = {isa = PBXBuildFile; fileRef = EF0000000000000000000001 /* PromptIntentClassifierTests.swift */; };
		EF0000000000000000000065 /* PromptIntentClassifier.swift in Sources */ = {isa = PBXBuildFile; fileRef = EF0000000000000000000000 /* PromptIntentClassifier.swift */; };
		EF0000000000000000000064 /* PromptIntentClassifier.swift in Sources */ = {isa = PBXBuildFile; fileRef = EF0000000000000000000000 /* PromptIntentClassifier.swift */; };
		EF000000000000000000006A /* ShellCommandResolver.swift in Sources */ = {isa = PBXBuildFile; fileRef = EF0000000000000000000002 /* ShellCommandResolver.swift */; };
		EF0000000000000000000069 /* ShellCommandResolver.swift in Sources */ = {isa = PBXBuildFile; fileRef = EF0000000000000000000002 /* ShellCommandResolver.swift */; };
		EF000000000000000000006B /* ShellCommandResolverTests.swift in Sources */ = {isa = PBXBuildFile; fileRef = EF0000000000000000000003 /* ShellCommandResolverTests.swift */; };
		EE000000000000000000006B /* WebpageTests.swift in Sources */ = {isa = PBXBuildFile; fileRef = EE0000000000000000000003 /* WebpageTests.swift */; };
		EE0000000000000000000067 /* WebpageFetcher.swift in Sources */ = {isa = PBXBuildFile; fileRef = EE0000000000000000000001 /* WebpageFetcher.swift */; };
		EE0000000000000000000066 /* WebpageFetcher.swift in Sources */ = {isa = PBXBuildFile; fileRef = EE0000000000000000000001 /* WebpageFetcher.swift */; };
		EE0000000000000000000065 /* WebpageAttachment.swift in Sources */ = {isa = PBXBuildFile; fileRef = EE0000000000000000000000 /* WebpageAttachment.swift */; };
		EE0000000000000000000064 /* WebpageAttachment.swift in Sources */ = {isa = PBXBuildFile; fileRef = EE0000000000000000000000 /* WebpageAttachment.swift */; };
		DD00000000000000000000C8 /* AIBackend.swift in Sources */ = {isa = PBXBuildFile; fileRef = DD0000000000000000000064 /* AIBackend.swift */; };
		DD000000000000000000012C /* AIBackend.swift in Sources */ = {isa = PBXBuildFile; fileRef = DD0000000000000000000064 /* AIBackend.swift */; };
		DD00000000000000000000C9 /* HTTPAIProvider.swift in Sources */ = {isa = PBXBuildFile; fileRef = DD0000000000000000000065 /* HTTPAIProvider.swift */; };
		DD000000000000000000012D /* HTTPAIProvider.swift in Sources */ = {isa = PBXBuildFile; fileRef = DD0000000000000000000065 /* HTTPAIProvider.swift */; };
		DD00000000000000000000CA /* CodexConnection.swift in Sources */ = {isa = PBXBuildFile; fileRef = DD0000000000000000000066 /* CodexConnection.swift */; };
		DD000000000000000000012E /* CodexConnection.swift in Sources */ = {isa = PBXBuildFile; fileRef = DD0000000000000000000066 /* CodexConnection.swift */; };
		DD00000000000000000000CB /* CodexProvider.swift in Sources */ = {isa = PBXBuildFile; fileRef = DD0000000000000000000067 /* CodexProvider.swift */; };
		DD000000000000000000012F /* CodexProvider.swift in Sources */ = {isa = PBXBuildFile; fileRef = DD0000000000000000000067 /* CodexProvider.swift */; };
		DD00000000000000000000CC /* CodexLogin.swift in Sources */ = {isa = PBXBuildFile; fileRef = DD0000000000000000000068 /* CodexLogin.swift */; };
		DD0000000000000000000130 /* CodexLogin.swift in Sources */ = {isa = PBXBuildFile; fileRef = DD0000000000000000000068 /* CodexLogin.swift */; };
		CC00000000000000000000C8 /* AIProvider.swift in Sources */ = {isa = PBXBuildFile; fileRef = CC0000000000000000000064 /* AIProvider.swift */; };
		CC000000000000000000012C /* AIProvider.swift in Sources */ = {isa = PBXBuildFile; fileRef = CC0000000000000000000064 /* AIProvider.swift */; };
		CC00000000000000000000C9 /* AskSession.swift in Sources */ = {isa = PBXBuildFile; fileRef = CC0000000000000000000065 /* AskSession.swift */; };
		CC000000000000000000012D /* AskSession.swift in Sources */ = {isa = PBXBuildFile; fileRef = CC0000000000000000000065 /* AskSession.swift */; };
		CC00000000000000000000CA /* AskView.swift in Sources */ = {isa = PBXBuildFile; fileRef = CC0000000000000000000066 /* AskView.swift */; };
		VC0000000000000000000002 /* VoiceInputController.swift in Sources */ = {isa = PBXBuildFile; fileRef = VC0000000000000000000001 /* VoiceInputController.swift */; };
		RV0000000000000000000002 /* RealtimeVoiceController.swift in Sources */ = {isa = PBXBuildFile; fileRef = RV0000000000000000000001 /* RealtimeVoiceController.swift */; };
		MD0000000000000000000001 /* AgentMarkdownText.swift in Sources */ = {isa = PBXBuildFile; fileRef = MD0000000000000000000010 /* AgentMarkdownText.swift */; };
		MD0000000000000000000004 /* AgentMarkdown.swift in Sources */ = {isa = PBXBuildFile; fileRef = MD0000000000000000000012 /* AgentMarkdown.swift */; };
		MD0000000000000000000005 /* AgentMarkdown.swift in Sources */ = {isa = PBXBuildFile; fileRef = MD0000000000000000000012 /* AgentMarkdown.swift */; };
		MD0000000000000000000006 /* AgentEnvelope.swift in Sources */ = {isa = PBXBuildFile; fileRef = MD0000000000000000000014 /* AgentEnvelope.swift */; };
		MD0000000000000000000007 /* AgentEnvelope.swift in Sources */ = {isa = PBXBuildFile; fileRef = MD0000000000000000000014 /* AgentEnvelope.swift */; };
		MD0000000000000000000002 /* AgentMarkdownTests.swift in Sources */ = {isa = PBXBuildFile; fileRef = MD0000000000000000000011 /* AgentMarkdownTests.swift */; };
		CC00000000000000000000CB /* OpenAIProvider.swift in Sources */ = {isa = PBXBuildFile; fileRef = CC0000000000000000000067 /* OpenAIProvider.swift */; };
		CC000000000000000000012F /* OpenAIProvider.swift in Sources */ = {isa = PBXBuildFile; fileRef = CC0000000000000000000067 /* OpenAIProvider.swift */; };
		CC00000000000000000000CC /* AICredentialStore.swift in Sources */ = {isa = PBXBuildFile; fileRef = CC0000000000000000000068 /* AICredentialStore.swift */; };
		CC0000000000000000000130 /* AICredentialStore.swift in Sources */ = {isa = PBXBuildFile; fileRef = CC0000000000000000000068 /* AICredentialStore.swift */; };
		CC00000000000000000000CD /* AIConversationStore.swift in Sources */ = {isa = PBXBuildFile; fileRef = CC0000000000000000000069 /* AIConversationStore.swift */; };
		CC0000000000000000000131 /* AIConversationStore.swift in Sources */ = {isa = PBXBuildFile; fileRef = CC0000000000000000000069 /* AIConversationStore.swift */; };
		CC0000000000000000000132 /* AITests.swift in Sources */ = {isa = PBXBuildFile; fileRef = CC000000000000000000006A /* AITests.swift */; };
		MD0000000000000000000020 /* CommandBlocksTests.swift in Sources */ = {isa = PBXBuildFile; fileRef = MD0000000000000000000021 /* CommandBlocksTests.swift */; };
		AA00000000000000000000B1 /* GhostTextView.swift in Sources */ = {isa = PBXBuildFile; fileRef = AA0000000000000000000165 /* GhostTextView.swift */; };
		AA00000000000000000000B2 /* SoraTheme.swift in Sources */ = {isa = PBXBuildFile; fileRef = AA0000000000000000000105 /* SoraTheme.swift */; };
		AA00000000000000000000B0 /* Assets.xcassets in Resources */ = {isa = PBXBuildFile; fileRef = AA00000000000000000001B0 /* Assets.xcassets */; };
		AA0000000000000000000001 /* SoraApp.swift in Sources */ = {isa = PBXBuildFile; fileRef = AA0000000000000000000101 /* SoraApp.swift */; };
		AA0000000000000000000002 /* ContentView.swift in Sources */ = {isa = PBXBuildFile; fileRef = AA0000000000000000000102 /* ContentView.swift */; };
		AA0000000000000000000005 /* SoraTheme.swift in Sources */ = {isa = PBXBuildFile; fileRef = AA0000000000000000000105 /* SoraTheme.swift */; };
		AA00000000000000000000D1 /* TerminalPreferences.swift in Sources */ = {isa = PBXBuildFile; fileRef = AA00000000000000000001D1 /* TerminalPreferences.swift */; };
		AA00000000000000000000D2 /* SoraSettingsView.swift in Sources */ = {isa = PBXBuildFile; fileRef = AA00000000000000000001D2 /* SoraSettingsView.swift */; };
		AA00000000000000000000E1 /* TerminalPreferences.swift in Sources */ = {isa = PBXBuildFile; fileRef = AA00000000000000000001D1 /* TerminalPreferences.swift */; };
		AA0000000000000000000003 /* GhosttyRuntime.swift in Sources */ = {isa = PBXBuildFile; fileRef = AA0000000000000000000103 /* GhosttyRuntime.swift */; };
		AA0000000000000000000004 /* GhosttySurfaceView.swift in Sources */ = {isa = PBXBuildFile; fileRef = AA0000000000000000000104 /* GhosttySurfaceView.swift */; };
		AA0000000000000000000006 /* GhosttyInput.swift in Sources */ = {isa = PBXBuildFile; fileRef = AA0000000000000000000106 /* GhosttyInput.swift */; };
		AA0000000000000000000007 /* GhosttyClipboard.swift in Sources */ = {isa = PBXBuildFile; fileRef = AA0000000000000000000107 /* GhosttyClipboard.swift */; };
		AA0000000000000000000016 /* GhosttyInputKit.swift in Sources */ = {isa = PBXBuildFile; fileRef = AA0000000000000000000116 /* GhosttyInputKit.swift */; };
		AA0000000000000000000017 /* GhosttyClipboardKit.swift in Sources */ = {isa = PBXBuildFile; fileRef = AA0000000000000000000117 /* GhosttyClipboardKit.swift */; };
		AA0000000000000000000008 /* GhosttyKit.xcframework in Frameworks */ = {isa = PBXBuildFile; fileRef = AA0000000000000000000108 /* GhosttyKit.xcframework */; };
		AA0000000000000000000009 /* terminfo in Resources */ = {isa = PBXBuildFile; fileRef = AA0000000000000000000109 /* terminfo */; };
		AA0000000000000000000013 /* ghostty in Resources */ = {isa = PBXBuildFile; fileRef = AA0000000000000000000114 /* ghostty */; };
		AA0000000000000000000018 /* sora.ghostty in Resources */ = {isa = PBXBuildFile; fileRef = AA0000000000000000000118 /* sora.ghostty */; };
		AA0000000000000000000019 /* cursor-blink.ghostty in Resources */ = {isa = PBXBuildFile; fileRef = AA0000000000000000000119 /* cursor-blink.ghostty */; };
		AA000000000000000000001A /* cursor-blink.glsl in Resources */ = {isa = PBXBuildFile; fileRef = AA000000000000000000011A /* cursor-blink.glsl */; };
		AA0000000000000000000010 /* GhosttyInputTests.swift in Sources */ = {isa = PBXBuildFile; fileRef = AA0000000000000000000110 /* GhosttyInputTests.swift */; };
		AA0000000000000000000011 /* GhosttyClipboardTests.swift in Sources */ = {isa = PBXBuildFile; fileRef = AA0000000000000000000111 /* GhosttyClipboardTests.swift */; };
		AA0000000000000000000014 /* GhosttyInput.swift in Sources */ = {isa = PBXBuildFile; fileRef = AA0000000000000000000106 /* GhosttyInput.swift */; };
		AA0000000000000000000015 /* GhosttyClipboard.swift in Sources */ = {isa = PBXBuildFile; fileRef = AA0000000000000000000107 /* GhosttyClipboard.swift */; };
		AA0000000000000000000020 /* WorkspaceSnapshot.swift in Sources */ = {isa = PBXBuildFile; fileRef = AA0000000000000000000120 /* WorkspaceSnapshot.swift */; };
		AA0000000000000000000021 /* WorkspaceModel.swift in Sources */ = {isa = PBXBuildFile; fileRef = AA0000000000000000000121 /* WorkspaceModel.swift */; };
		AA0000000000000000000022 /* WorkspaceRestore.swift in Sources */ = {isa = PBXBuildFile; fileRef = AA0000000000000000000122 /* WorkspaceRestore.swift */; };
		AA0000000000000000000023 /* WorkspaceController.swift in Sources */ = {isa = PBXBuildFile; fileRef = AA0000000000000000000123 /* WorkspaceController.swift */; };
		AA0000000000000000000024 /* WorkspaceTabBar.swift in Sources */ = {isa = PBXBuildFile; fileRef = AA0000000000000000000124 /* WorkspaceTabBar.swift */; };
		AA0000000000000000000028 /* SessionHeader.swift in Sources */ = {isa = PBXBuildFile; fileRef = AA0000000000000000000128 /* SessionHeader.swift */; };
		AA000000000000000000002A /* PathActions.swift in Sources */ = {isa = PBXBuildFile; fileRef = AA000000000000000000012A /* PathActions.swift */; };
		AA000000000000000000002B /* ContextChip.swift in Sources */ = {isa = PBXBuildFile; fileRef = AA000000000000000000012B /* ContextChip.swift */; };
		AA000000000000000000002C /* PathActions.swift in Sources */ = {isa = PBXBuildFile; fileRef = AA000000000000000000012A /* PathActions.swift */; };
		AA0000000000000000000038 /* PathLinkParserTests.swift in Sources */ = {isa = PBXBuildFile; fileRef = AA0000000000000000000134 /* PathLinkParserTests.swift */; };
		AA0000000000000000000025 /* WorkspaceHostView.swift in Sources */ = {isa = PBXBuildFile; fileRef = AA0000000000000000000125 /* WorkspaceHostView.swift */; };
		AA0000000000000000000029 /* TerminalPaneView.swift in Sources */ = {isa = PBXBuildFile; fileRef = AA0000000000000000000129 /* TerminalPaneView.swift */; };
		AA0000000000000000000026 /* ForegroundWorkingDirectory.swift in Sources */ = {isa = PBXBuildFile; fileRef = AA0000000000000000000126 /* ForegroundWorkingDirectory.swift */; };
		AA0000000000000000000027 /* WorkspaceCommands.swift in Sources */ = {isa = PBXBuildFile; fileRef = AA0000000000000000000127 /* WorkspaceCommands.swift */; };
		AA0000000000000000000030 /* WorkspaceSnapshotTests.swift in Sources */ = {isa = PBXBuildFile; fileRef = AA0000000000000000000130 /* WorkspaceSnapshotTests.swift */; };
		AA0000000000000000000031 /* WorkspaceModelTests.swift in Sources */ = {isa = PBXBuildFile; fileRef = AA0000000000000000000131 /* WorkspaceModelTests.swift */; };
		AA0000000000000000000032 /* WorkspaceRestoreTests.swift in Sources */ = {isa = PBXBuildFile; fileRef = AA0000000000000000000132 /* WorkspaceRestoreTests.swift */; };
		AA0000000000000000000033 /* ForegroundWorkingDirectoryTests.swift in Sources */ = {isa = PBXBuildFile; fileRef = AA0000000000000000000133 /* ForegroundWorkingDirectoryTests.swift */; };
		AA0000000000000000000034 /* WorkspaceSnapshot.swift in Sources */ = {isa = PBXBuildFile; fileRef = AA0000000000000000000120 /* WorkspaceSnapshot.swift */; };
		AA0000000000000000000035 /* WorkspaceModel.swift in Sources */ = {isa = PBXBuildFile; fileRef = AA0000000000000000000121 /* WorkspaceModel.swift */; };
		AA0000000000000000000036 /* WorkspaceRestore.swift in Sources */ = {isa = PBXBuildFile; fileRef = AA0000000000000000000122 /* WorkspaceRestore.swift */; };
		AA0000000000000000000037 /* ForegroundWorkingDirectory.swift in Sources */ = {isa = PBXBuildFile; fileRef = AA0000000000000000000126 /* ForegroundWorkingDirectory.swift */; };
		AA0000000000000000000040 /* CommandRun.swift in Sources */ = {isa = PBXBuildFile; fileRef = AA0000000000000000000140 /* CommandRun.swift */; };
		AA0000000000000000000041 /* CommandRunFactory.swift in Sources */ = {isa = PBXBuildFile; fileRef = AA0000000000000000000141 /* CommandRunFactory.swift */; };
		AA0000000000000000000042 /* CommandHistoryStore.swift in Sources */ = {isa = PBXBuildFile; fileRef = AA0000000000000000000142 /* CommandHistoryStore.swift */; };
		AA0000000000000000000043 /* CommandHistoryView.swift in Sources */ = {isa = PBXBuildFile; fileRef = AA0000000000000000000143 /* CommandHistoryView.swift */; };
		AA0000000000000000000050 /* CommandRunFactoryTests.swift in Sources */ = {isa = PBXBuildFile; fileRef = AA0000000000000000000150 /* CommandRunFactoryTests.swift */; };
		AA0000000000000000000051 /* CommandHistoryStoreTests.swift in Sources */ = {isa = PBXBuildFile; fileRef = AA0000000000000000000151 /* CommandHistoryStoreTests.swift */; };
		AA0000000000000000000052 /* CommandRun.swift in Sources */ = {isa = PBXBuildFile; fileRef = AA0000000000000000000140 /* CommandRun.swift */; };
		AA0000000000000000000053 /* CommandRunFactory.swift in Sources */ = {isa = PBXBuildFile; fileRef = AA0000000000000000000141 /* CommandRunFactory.swift */; };
		AA0000000000000000000054 /* CommandHistoryStore.swift in Sources */ = {isa = PBXBuildFile; fileRef = AA0000000000000000000142 /* CommandHistoryStore.swift */; };
		AA0000000000000000000060 /* PromptBuffer.swift in Sources */ = {isa = PBXBuildFile; fileRef = AA0000000000000000000160 /* PromptBuffer.swift */; };
		AA0000000000000000000061 /* GitRepository.swift in Sources */ = {isa = PBXBuildFile; fileRef = AA0000000000000000000161 /* GitRepository.swift */; };
		AA0000000000000000000062 /* PathCompleter.swift in Sources */ = {isa = PBXBuildFile; fileRef = AA0000000000000000000162 /* PathCompleter.swift */; };
		AA0000000000000000000063 /* CompletionEngine.swift in Sources */ = {isa = PBXBuildFile; fileRef = AA0000000000000000000163 /* CompletionEngine.swift */; };
		AA0000000000000000000064 /* CompletionSession.swift in Sources */ = {isa = PBXBuildFile; fileRef = AA0000000000000000000164 /* CompletionSession.swift */; };
		AA0000000000000000000065 /* GhostTextView.swift in Sources */ = {isa = PBXBuildFile; fileRef = AA0000000000000000000165 /* GhostTextView.swift */; };
		AA0000000000000000000066 /* StickyPromptBar.swift in Sources */ = {isa = PBXBuildFile; fileRef = AA0000000000000000000166 /* StickyPromptBar.swift */; };
		AA0000000000000000000067 /* StickyPromptBarModel.swift in Sources */ = {isa = PBXBuildFile; fileRef = AA0000000000000000000167 /* StickyPromptBarModel.swift */; };
		AA0000000000000000000068 /* PromptLineRecovery.swift in Sources */ = {isa = PBXBuildFile; fileRef = AA0000000000000000000168 /* ShellEditLine.swift */; };
		AA0000000000000000000087 /* StickyPromptBarModel.swift in Sources */ = {isa = PBXBuildFile; fileRef = AA0000000000000000000167 /* StickyPromptBarModel.swift */; };
		AA0000000000000000000088 /* PromptLineRecovery.swift in Sources */ = {isa = PBXBuildFile; fileRef = AA0000000000000000000168 /* ShellEditLine.swift */; };
		AA0000000000000000000070 /* PromptBufferTests.swift in Sources */ = {isa = PBXBuildFile; fileRef = AA0000000000000000000170 /* PromptBufferTests.swift */; };
		AA0000000000000000000075 /* PromptLineRecoveryTests.swift in Sources */ = {isa = PBXBuildFile; fileRef = AA0000000000000000000175 /* PromptLineRecoveryTests.swift */; };
		AA0000000000000000000076 /* ShellEditLineTests.swift in Sources */ = {isa = PBXBuildFile; fileRef = AA0000000000000000000176 /* ShellEditLineTests.swift */; };
		AA0000000000000000000071 /* PathCompleterTests.swift in Sources */ = {isa = PBXBuildFile; fileRef = AA0000000000000000000171 /* PathCompleterTests.swift */; };
		AA0000000000000000000072 /* CompletionEngineTests.swift in Sources */ = {isa = PBXBuildFile; fileRef = AA0000000000000000000172 /* CompletionEngineTests.swift */; };
		AA0000000000000000000073 /* GitRepositoryTests.swift in Sources */ = {isa = PBXBuildFile; fileRef = AA0000000000000000000173 /* GitRepositoryTests.swift */; };
		AA0000000000000000000074 /* CompletionSessionTests.swift in Sources */ = {isa = PBXBuildFile; fileRef = AA0000000000000000000174 /* CompletionSessionTests.swift */; };
		AA0000000000000000000080 /* PromptBuffer.swift in Sources */ = {isa = PBXBuildFile; fileRef = AA0000000000000000000160 /* PromptBuffer.swift */; };
		AA0000000000000000000081 /* GitRepository.swift in Sources */ = {isa = PBXBuildFile; fileRef = AA0000000000000000000161 /* GitRepository.swift */; };
		AA0000000000000000000082 /* PathCompleter.swift in Sources */ = {isa = PBXBuildFile; fileRef = AA0000000000000000000162 /* PathCompleter.swift */; };
		AA0000000000000000000083 /* CompletionEngine.swift in Sources */ = {isa = PBXBuildFile; fileRef = AA0000000000000000000163 /* CompletionEngine.swift */; };
		AA0000000000000000000084 /* CompletionSession.swift in Sources */ = {isa = PBXBuildFile; fileRef = AA0000000000000000000164 /* CompletionSession.swift */; };
		AA0000000000000000000090 /* NextCommandEngine.swift in Sources */ = {isa = PBXBuildFile; fileRef = AA0000000000000000000180 /* NextCommandEngine.swift */; };
		AA0000000000000000000091 /* NextCommandEngine.swift in Sources */ = {isa = PBXBuildFile; fileRef = AA0000000000000000000180 /* NextCommandEngine.swift */; };
		AA0000000000000000000092 /* NextCommandEngineTests.swift in Sources */ = {isa = PBXBuildFile; fileRef = AA0000000000000000000181 /* NextCommandEngineTests.swift */; };
		AA0000000000000000000094 /* StickyPromptBarTests.swift in Sources */ = {isa = PBXBuildFile; fileRef = AA0000000000000000000182 /* StickyPromptBarTests.swift */; };
		AA00000000000000000000A1 /* HushLogin.swift in Sources */ = {isa = PBXBuildFile; fileRef = AA0000000000000000000190 /* HushLogin.swift */; };
		AA00000000000000000000A2 /* SoraZshBootstrap.swift in Sources */ = {isa = PBXBuildFile; fileRef = AA0000000000000000000191 /* SoraZshBootstrap.swift */; };
		AA00000000000000000000A3 /* zsh in Resources */ = {isa = PBXBuildFile; fileRef = AA0000000000000000000192 /* zsh */; };
		AA00000000000000000000A4 /* HushLogin.swift in Sources */ = {isa = PBXBuildFile; fileRef = AA0000000000000000000190 /* HushLogin.swift */; };
		AA00000000000000000000A5 /* SoraZshBootstrap.swift in Sources */ = {isa = PBXBuildFile; fileRef = AA0000000000000000000191 /* SoraZshBootstrap.swift */; };
		AA00000000000000000000A6 /* HushLoginTests.swift in Sources */ = {isa = PBXBuildFile; fileRef = AA0000000000000000000193 /* HushLoginTests.swift */; };
		AA00000000000000000000A7 /* SoraZshBootstrapTests.swift in Sources */ = {isa = PBXBuildFile; fileRef = AA0000000000000000000194 /* SoraZshBootstrapTests.swift */; };
		AA00000000000000000000A8 /* ShellHighlightTests.swift in Sources */ = {isa = PBXBuildFile; fileRef = AA0000000000000000000195 /* ShellHighlightTests.swift */; };
/* End PBXBuildFile section */

/* Begin PBXContainerItemProxy section */
		AA0000000000000000000201 /* PBXContainerItemProxy */ = {
			isa = PBXContainerItemProxy;
			containerPortal = AA0000000000000000000000 /* Project object */;
			proxyType = 1;
			remoteGlobalIDString = AA0000000000000000000301;
			remoteInfo = Sora;
		};
/* End PBXContainerItemProxy section */

/* Begin PBXFileReference section */
		UP0000000000000000000008 /* UpdateController.swift */ = {isa = PBXFileReference; lastKnownFileType = sourcecode.swift; path = UpdateController.swift; sourceTree = "<group>"; };
		UP0000000000000000000009 /* UpdateCheckPolicy.swift */ = {isa = PBXFileReference; lastKnownFileType = sourcecode.swift; path = UpdateCheckPolicy.swift; sourceTree = "<group>"; };
		UP000000000000000000000C /* UpdateCheckPolicyTests.swift */ = {isa = PBXFileReference; lastKnownFileType = sourcecode.swift; path = UpdateCheckPolicyTests.swift; sourceTree = "<group>"; };
		UP000000000000000000000D /* Info.plist */ = {isa = PBXFileReference; lastKnownFileType = text.plist.xml; path = Info.plist; sourceTree = "<group>"; };
        FA0000000000000000000000 = {isa = PBXFileReference; lastKnownFileType = sourcecode.swift; path = AgentCommandRunner.swift; sourceTree = "<group>"; };
        FB0000000000000000000000 /* AgentResumeStrip.swift */ = {isa = PBXFileReference; lastKnownFileType = sourcecode.swift; path = AgentResumeStrip.swift; sourceTree = "<group>"; };
		FG0000000000000000000000 /* AgentCommandProposal.swift */ = {isa = PBXFileReference; lastKnownFileType = sourcecode.swift; path = AgentCommandProposal.swift; sourceTree = "<group>"; };
		EF0000000000000000000001 /* PromptIntentClassifierTests.swift */ = {isa = PBXFileReference; lastKnownFileType = sourcecode.swift; path = PromptIntentClassifierTests.swift; sourceTree = "<group>"; };
		EF0000000000000000000000 /* PromptIntentClassifier.swift */ = {isa = PBXFileReference; lastKnownFileType = sourcecode.swift; path = PromptIntentClassifier.swift; sourceTree = "<group>"; };
		EF0000000000000000000002 /* ShellCommandResolver.swift */ = {isa = PBXFileReference; lastKnownFileType = sourcecode.swift; path = ShellCommandResolver.swift; sourceTree = "<group>"; };
		EF0000000000000000000003 /* ShellCommandResolverTests.swift */ = {isa = PBXFileReference; lastKnownFileType = sourcecode.swift; path = ShellCommandResolverTests.swift; sourceTree = "<group>"; };
		EE0000000000000000000003 /* WebpageTests.swift */ = {isa = PBXFileReference; lastKnownFileType = sourcecode.swift; path = WebpageTests.swift; sourceTree = "<group>"; };
		EE0000000000000000000001 /* WebpageFetcher.swift */ = {isa = PBXFileReference; lastKnownFileType = sourcecode.swift; path = WebpageFetcher.swift; sourceTree = "<group>"; };
		EE0000000000000000000000 /* WebpageAttachment.swift */ = {isa = PBXFileReference; lastKnownFileType = sourcecode.swift; path = WebpageAttachment.swift; sourceTree = "<group>"; };
		DD0000000000000000000064 /* AIBackend.swift */ = {isa = PBXFileReference; lastKnownFileType = sourcecode.swift; path = AIBackend.swift; sourceTree = "<group>"; };
		DD0000000000000000000065 /* HTTPAIProvider.swift */ = {isa = PBXFileReference; lastKnownFileType = sourcecode.swift; path = HTTPAIProvider.swift; sourceTree = "<group>"; };
		DD0000000000000000000066 /* CodexConnection.swift */ = {isa = PBXFileReference; lastKnownFileType = sourcecode.swift; path = CodexConnection.swift; sourceTree = "<group>"; };
		DD0000000000000000000067 /* CodexProvider.swift */ = {isa = PBXFileReference; lastKnownFileType = sourcecode.swift; path = CodexProvider.swift; sourceTree = "<group>"; };
		DD0000000000000000000068 /* CodexLogin.swift */ = {isa = PBXFileReference; lastKnownFileType = sourcecode.swift; path = CodexLogin.swift; sourceTree = "<group>"; };
		CC0000000000000000000064 /* AIProvider.swift */ = {isa = PBXFileReference; lastKnownFileType = sourcecode.swift; path = AIProvider.swift; sourceTree = "<group>"; };
		CC0000000000000000000065 /* AskSession.swift */ = {isa = PBXFileReference; lastKnownFileType = sourcecode.swift; path = AskSession.swift; sourceTree = "<group>"; };
		CC0000000000000000000066 /* AskView.swift */ = {isa = PBXFileReference; lastKnownFileType = sourcecode.swift; path = AskView.swift; sourceTree = "<group>"; };
		VC0000000000000000000001 /* VoiceInputController.swift */ = {isa = PBXFileReference; lastKnownFileType = sourcecode.swift; path = VoiceInputController.swift; sourceTree = "<group>"; };
		RV0000000000000000000001 /* RealtimeVoiceController.swift */ = {isa = PBXFileReference; lastKnownFileType = sourcecode.swift; path = RealtimeVoiceController.swift; sourceTree = "<group>"; };
		MD0000000000000000000010 /* AgentMarkdownText.swift */ = {isa = PBXFileReference; lastKnownFileType = sourcecode.swift; path = AgentMarkdownText.swift; sourceTree = "<group>"; };
		MD0000000000000000000012 /* AgentMarkdown.swift */ = {isa = PBXFileReference; lastKnownFileType = sourcecode.swift; path = AgentMarkdown.swift; sourceTree = "<group>"; };
		MD0000000000000000000014 /* AgentEnvelope.swift */ = {isa = PBXFileReference; lastKnownFileType = sourcecode.swift; path = AgentEnvelope.swift; sourceTree = "<group>"; };
		MD0000000000000000000011 /* AgentMarkdownTests.swift */ = {isa = PBXFileReference; lastKnownFileType = sourcecode.swift; path = AgentMarkdownTests.swift; sourceTree = "<group>"; };
		CC0000000000000000000067 /* OpenAIProvider.swift */ = {isa = PBXFileReference; lastKnownFileType = sourcecode.swift; path = OpenAIProvider.swift; sourceTree = "<group>"; };
		CC0000000000000000000068 /* AICredentialStore.swift */ = {isa = PBXFileReference; lastKnownFileType = sourcecode.swift; path = AICredentialStore.swift; sourceTree = "<group>"; };
		CC0000000000000000000069 /* AIConversationStore.swift */ = {isa = PBXFileReference; lastKnownFileType = sourcecode.swift; path = AIConversationStore.swift; sourceTree = "<group>"; };
		CC000000000000000000006A /* AITests.swift */ = {isa = PBXFileReference; lastKnownFileType = sourcecode.swift; path = AITests.swift; sourceTree = "<group>"; };
		MD0000000000000000000021 /* CommandBlocksTests.swift */ = {isa = PBXFileReference; lastKnownFileType = sourcecode.swift; path = CommandBlocksTests.swift; sourceTree = "<group>"; };
		AA00000000000000000001B0 /* Assets.xcassets */ = {isa = PBXFileReference; lastKnownFileType = folder.assetcatalog; path = Assets.xcassets; sourceTree = "<group>"; };
		AA0000000000000000000101 /* SoraApp.swift */ = {isa = PBXFileReference; lastKnownFileType = sourcecode.swift; path = SoraApp.swift; sourceTree = "<group>"; };
		AA0000000000000000000105 /* SoraTheme.swift */ = {isa = PBXFileReference; lastKnownFileType = sourcecode.swift; path = SoraTheme.swift; sourceTree = "<group>"; };
		AA00000000000000000001D1 /* TerminalPreferences.swift */ = {isa = PBXFileReference; lastKnownFileType = sourcecode.swift; path = TerminalPreferences.swift; sourceTree = "<group>"; };
		AA00000000000000000001D2 /* SoraSettingsView.swift */ = {isa = PBXFileReference; lastKnownFileType = sourcecode.swift; path = SoraSettingsView.swift; sourceTree = "<group>"; };
		AA0000000000000000000102 /* ContentView.swift */ = {isa = PBXFileReference; lastKnownFileType = sourcecode.swift; path = ContentView.swift; sourceTree = "<group>"; };
		AA0000000000000000000103 /* GhosttyRuntime.swift */ = {isa = PBXFileReference; lastKnownFileType = sourcecode.swift; path = GhosttyRuntime.swift; sourceTree = "<group>"; };
		AA0000000000000000000104 /* GhosttySurfaceView.swift */ = {isa = PBXFileReference; lastKnownFileType = sourcecode.swift; path = GhosttySurfaceView.swift; sourceTree = "<group>"; };
		AA0000000000000000000106 /* GhosttyInput.swift */ = {isa = PBXFileReference; lastKnownFileType = sourcecode.swift; path = GhosttyInput.swift; sourceTree = "<group>"; };
		AA0000000000000000000107 /* GhosttyClipboard.swift */ = {isa = PBXFileReference; lastKnownFileType = sourcecode.swift; path = GhosttyClipboard.swift; sourceTree = "<group>"; };
		AA0000000000000000000116 /* GhosttyInputKit.swift */ = {isa = PBXFileReference; lastKnownFileType = sourcecode.swift; path = GhosttyInputKit.swift; sourceTree = "<group>"; };
		AA0000000000000000000117 /* GhosttyClipboardKit.swift */ = {isa = PBXFileReference; lastKnownFileType = sourcecode.swift; path = GhosttyClipboardKit.swift; sourceTree = "<group>"; };
		AA0000000000000000000108 /* GhosttyKit.xcframework */ = {isa = PBXFileReference; lastKnownFileType = wrapper.xcframework; path = Vendor/ghostty/macos/GhosttyKit.xcframework; sourceTree = "<group>"; };
		AA0000000000000000000109 /* terminfo */ = {isa = PBXFileReference; lastKnownFileType = folder; path = Vendor/ghostty/zig-out/share/terminfo; sourceTree = "<group>"; };
		AA0000000000000000000114 /* ghostty */ = {isa = PBXFileReference; lastKnownFileType = folder; path = Vendor/ghostty/zig-out/share/ghostty; sourceTree = "<group>"; };
		AA0000000000000000000118 /* sora.ghostty */ = {isa = PBXFileReference; lastKnownFileType = text; path = sora.ghostty; sourceTree = "<group>"; };
		AA0000000000000000000119 /* cursor-blink.ghostty */ = {isa = PBXFileReference; lastKnownFileType = text; path = "cursor-blink.ghostty"; sourceTree = "<group>"; };
		AA000000000000000000011A /* cursor-blink.glsl */ = {isa = PBXFileReference; lastKnownFileType = text; path = "cursor-blink.glsl"; sourceTree = "<group>"; };
		AA0000000000000000000190 /* HushLogin.swift */ = {isa = PBXFileReference; lastKnownFileType = sourcecode.swift; path = HushLogin.swift; sourceTree = "<group>"; };
		AA0000000000000000000191 /* SoraZshBootstrap.swift */ = {isa = PBXFileReference; lastKnownFileType = sourcecode.swift; path = SoraZshBootstrap.swift; sourceTree = "<group>"; };
		AA0000000000000000000192 /* zsh */ = {isa = PBXFileReference; lastKnownFileType = folder; path = zsh; sourceTree = "<group>"; };
		AA0000000000000000000193 /* HushLoginTests.swift */ = {isa = PBXFileReference; lastKnownFileType = sourcecode.swift; path = HushLoginTests.swift; sourceTree = "<group>"; };
		AA0000000000000000000194 /* SoraZshBootstrapTests.swift */ = {isa = PBXFileReference; lastKnownFileType = sourcecode.swift; path = SoraZshBootstrapTests.swift; sourceTree = "<group>"; };
		AA0000000000000000000195 /* ShellHighlightTests.swift */ = {isa = PBXFileReference; lastKnownFileType = sourcecode.swift; path = ShellHighlightTests.swift; sourceTree = "<group>"; };
		AA0000000000000000000110 /* GhosttyInputTests.swift */ = {isa = PBXFileReference; lastKnownFileType = sourcecode.swift; path = GhosttyInputTests.swift; sourceTree = "<group>"; };
		AA0000000000000000000111 /* GhosttyClipboardTests.swift */ = {isa = PBXFileReference; lastKnownFileType = sourcecode.swift; path = GhosttyClipboardTests.swift; sourceTree = "<group>"; };
		AA0000000000000000000120 /* WorkspaceSnapshot.swift */ = {isa = PBXFileReference; lastKnownFileType = sourcecode.swift; path = WorkspaceSnapshot.swift; sourceTree = "<group>"; };
		AA0000000000000000000121 /* WorkspaceModel.swift */ = {isa = PBXFileReference; lastKnownFileType = sourcecode.swift; path = WorkspaceModel.swift; sourceTree = "<group>"; };
		AA0000000000000000000122 /* WorkspaceRestore.swift */ = {isa = PBXFileReference; lastKnownFileType = sourcecode.swift; path = WorkspaceRestore.swift; sourceTree = "<group>"; };
		AA0000000000000000000123 /* WorkspaceController.swift */ = {isa = PBXFileReference; lastKnownFileType = sourcecode.swift; path = WorkspaceController.swift; sourceTree = "<group>"; };
		AA0000000000000000000124 /* WorkspaceTabBar.swift */ = {isa = PBXFileReference; lastKnownFileType = sourcecode.swift; path = WorkspaceTabBar.swift; sourceTree = "<group>"; };
		AA0000000000000000000128 /* SessionHeader.swift */ = {isa = PBXFileReference; lastKnownFileType = sourcecode.swift; path = SessionHeader.swift; sourceTree = "<group>"; };
		AA000000000000000000012A /* PathActions.swift */ = {isa = PBXFileReference; lastKnownFileType = sourcecode.swift; path = PathActions.swift; sourceTree = "<group>"; };
		AA000000000000000000012B /* ContextChip.swift */ = {isa = PBXFileReference; lastKnownFileType = sourcecode.swift; path = ContextChip.swift; sourceTree = "<group>"; };
		AA0000000000000000000134 /* PathLinkParserTests.swift */ = {isa = PBXFileReference; lastKnownFileType = sourcecode.swift; path = PathLinkParserTests.swift; sourceTree = "<group>"; };
		AA0000000000000000000125 /* WorkspaceHostView.swift */ = {isa = PBXFileReference; lastKnownFileType = sourcecode.swift; path = WorkspaceHostView.swift; sourceTree = "<group>"; };
		AA0000000000000000000129 /* TerminalPaneView.swift */ = {isa = PBXFileReference; lastKnownFileType = sourcecode.swift; path = TerminalPaneView.swift; sourceTree = "<group>"; };
		AA0000000000000000000126 /* ForegroundWorkingDirectory.swift */ = {isa = PBXFileReference; lastKnownFileType = sourcecode.swift; path = ForegroundWorkingDirectory.swift; sourceTree = "<group>"; };
		AA0000000000000000000127 /* WorkspaceCommands.swift */ = {isa = PBXFileReference; lastKnownFileType = sourcecode.swift; path = WorkspaceCommands.swift; sourceTree = "<group>"; };
		AA0000000000000000000130 /* WorkspaceSnapshotTests.swift */ = {isa = PBXFileReference; lastKnownFileType = sourcecode.swift; path = WorkspaceSnapshotTests.swift; sourceTree = "<group>"; };
		AA0000000000000000000131 /* WorkspaceModelTests.swift */ = {isa = PBXFileReference; lastKnownFileType = sourcecode.swift; path = WorkspaceModelTests.swift; sourceTree = "<group>"; };
		AA0000000000000000000132 /* WorkspaceRestoreTests.swift */ = {isa = PBXFileReference; lastKnownFileType = sourcecode.swift; path = WorkspaceRestoreTests.swift; sourceTree = "<group>"; };
		AA0000000000000000000133 /* ForegroundWorkingDirectoryTests.swift */ = {isa = PBXFileReference; lastKnownFileType = sourcecode.swift; path = ForegroundWorkingDirectoryTests.swift; sourceTree = "<group>"; };
		AA0000000000000000000140 /* CommandRun.swift */ = {isa = PBXFileReference; lastKnownFileType = sourcecode.swift; path = CommandRun.swift; sourceTree = "<group>"; };
		AA0000000000000000000141 /* CommandRunFactory.swift */ = {isa = PBXFileReference; lastKnownFileType = sourcecode.swift; path = CommandRunFactory.swift; sourceTree = "<group>"; };
		AA0000000000000000000142 /* CommandHistoryStore.swift */ = {isa = PBXFileReference; lastKnownFileType = sourcecode.swift; path = CommandHistoryStore.swift; sourceTree = "<group>"; };
		AA0000000000000000000143 /* CommandHistoryView.swift */ = {isa = PBXFileReference; lastKnownFileType = sourcecode.swift; path = CommandHistoryView.swift; sourceTree = "<group>"; };
		AA0000000000000000000150 /* CommandRunFactoryTests.swift */ = {isa = PBXFileReference; lastKnownFileType = sourcecode.swift; path = CommandRunFactoryTests.swift; sourceTree = "<group>"; };
		AA0000000000000000000151 /* CommandHistoryStoreTests.swift */ = {isa = PBXFileReference; lastKnownFileType = sourcecode.swift; path = CommandHistoryStoreTests.swift; sourceTree = "<group>"; };
		AA0000000000000000000160 /* PromptBuffer.swift */ = {isa = PBXFileReference; lastKnownFileType = sourcecode.swift; path = PromptBuffer.swift; sourceTree = "<group>"; };
		AA0000000000000000000161 /* GitRepository.swift */ = {isa = PBXFileReference; lastKnownFileType = sourcecode.swift; path = GitRepository.swift; sourceTree = "<group>"; };
		AA0000000000000000000162 /* PathCompleter.swift */ = {isa = PBXFileReference; lastKnownFileType = sourcecode.swift; path = PathCompleter.swift; sourceTree = "<group>"; };
		AA0000000000000000000163 /* CompletionEngine.swift */ = {isa = PBXFileReference; lastKnownFileType = sourcecode.swift; path = CompletionEngine.swift; sourceTree = "<group>"; };
		AA0000000000000000000164 /* CompletionSession.swift */ = {isa = PBXFileReference; lastKnownFileType = sourcecode.swift; path = CompletionSession.swift; sourceTree = "<group>"; };
		AA0000000000000000000165 /* GhostTextView.swift */ = {isa = PBXFileReference; lastKnownFileType = sourcecode.swift; path = GhostTextView.swift; sourceTree = "<group>"; };
		AA0000000000000000000166 /* StickyPromptBar.swift */ = {isa = PBXFileReference; lastKnownFileType = sourcecode.swift; path = StickyPromptBar.swift; sourceTree = "<group>"; };
		AA0000000000000000000167 /* StickyPromptBarModel.swift */ = {isa = PBXFileReference; lastKnownFileType = sourcecode.swift; path = StickyPromptBarModel.swift; sourceTree = "<group>"; };
		AA0000000000000000000168 /* ShellEditLine.swift */ = {isa = PBXFileReference; lastKnownFileType = sourcecode.swift; path = ShellEditLine.swift; sourceTree = "<group>"; };
		AA0000000000000000000170 /* PromptBufferTests.swift */ = {isa = PBXFileReference; lastKnownFileType = sourcecode.swift; path = PromptBufferTests.swift; sourceTree = "<group>"; };
		AA0000000000000000000175 /* PromptLineRecoveryTests.swift */ = {isa = PBXFileReference; lastKnownFileType = sourcecode.swift; path = PromptLineRecoveryTests.swift; sourceTree = "<group>"; };
		AA0000000000000000000176 /* ShellEditLineTests.swift */ = {isa = PBXFileReference; lastKnownFileType = sourcecode.swift; path = ShellEditLineTests.swift; sourceTree = "<group>"; };
		AA0000000000000000000171 /* PathCompleterTests.swift */ = {isa = PBXFileReference; lastKnownFileType = sourcecode.swift; path = PathCompleterTests.swift; sourceTree = "<group>"; };
		AA0000000000000000000172 /* CompletionEngineTests.swift */ = {isa = PBXFileReference; lastKnownFileType = sourcecode.swift; path = CompletionEngineTests.swift; sourceTree = "<group>"; };
		AA0000000000000000000173 /* GitRepositoryTests.swift */ = {isa = PBXFileReference; lastKnownFileType = sourcecode.swift; path = GitRepositoryTests.swift; sourceTree = "<group>"; };
		AA0000000000000000000174 /* CompletionSessionTests.swift */ = {isa = PBXFileReference; lastKnownFileType = sourcecode.swift; path = CompletionSessionTests.swift; sourceTree = "<group>"; };
		AA0000000000000000000180 /* NextCommandEngine.swift */ = {isa = PBXFileReference; lastKnownFileType = sourcecode.swift; path = NextCommandEngine.swift; sourceTree = "<group>"; };
		AA0000000000000000000181 /* NextCommandEngineTests.swift */ = {isa = PBXFileReference; lastKnownFileType = sourcecode.swift; path = NextCommandEngineTests.swift; sourceTree = "<group>"; };
		AA0000000000000000000182 /* StickyPromptBarTests.swift */ = {isa = PBXFileReference; lastKnownFileType = sourcecode.swift; path = StickyPromptBarTests.swift; sourceTree = "<group>"; };
		AA0000000000000000000112 /* Sora.app */ = {isa = PBXFileReference; explicitFileType = wrapper.application; includeInIndex = 0; path = Sora.app; sourceTree = BUILT_PRODUCTS_DIR; };
		AA0000000000000000000113 /* SoraTests.xctest */ = {isa = PBXFileReference; explicitFileType = wrapper.cfbundle; includeInIndex = 0; path = SoraTests.xctest; sourceTree = BUILT_PRODUCTS_DIR; };
/* End PBXFileReference section */

/* Begin PBXFrameworksBuildPhase section */
		AA0000000000000000000401 /* Frameworks */ = {
			isa = PBXFrameworksBuildPhase;
			buildActionMask = 2147483647;
			files = (
				UP0000000000000000000001 /* Sparkle in Frameworks */,
				AA0000000000000000000008 /* GhosttyKit.xcframework in Frameworks */,
			);
			runOnlyForDeploymentPostprocessing = 0;
		};
		AA0000000000000000000402 /* Frameworks */ = {
			isa = PBXFrameworksBuildPhase;
			buildActionMask = 2147483647;
			files = (
			);
			runOnlyForDeploymentPostprocessing = 0;
		};
/* End PBXFrameworksBuildPhase section */

/* Begin PBXGroup section */
		CC00000000000000000001F5 /* Providers */ = {
			isa = PBXGroup;
			children = (
				DD0000000000000000000064 /* AIBackend.swift */,
				DD0000000000000000000065 /* HTTPAIProvider.swift */,
				DD0000000000000000000066 /* CodexConnection.swift */,
				DD0000000000000000000067 /* CodexProvider.swift */,
				DD0000000000000000000068 /* CodexLogin.swift */,
				CC0000000000000000000067 /* OpenAIProvider.swift */,
			);
			path = Providers;
			sourceTree = "<group>";
		};
		CC00000000000000000001F4 /* Agent */ = {
			isa = PBXGroup;
			children = (
				CC0000000000000000000064 /* AIProvider.swift */,
				FG0000000000000000000000 /* AgentCommandProposal.swift */,
                FA0000000000000000000000,
                FB0000000000000000000000 /* AgentResumeStrip.swift */,
				EF0000000000000000000000 /* PromptIntentClassifier.swift */,
				EF0000000000000000000002 /* ShellCommandResolver.swift */,
				EE0000000000000000000001 /* WebpageFetcher.swift */,
				EE0000000000000000000000 /* WebpageAttachment.swift */,
				CC0000000000000000000065 /* AskSession.swift */,
				CC0000000000000000000066 /* AskView.swift */,
				VC0000000000000000000001 /* VoiceInputController.swift */,
				RV0000000000000000000001 /* RealtimeVoiceController.swift */,
				MD0000000000000000000010 /* AgentMarkdownText.swift */,
				MD0000000000000000000012 /* AgentMarkdown.swift */,
				MD0000000000000000000014 /* AgentEnvelope.swift */,
			);
			path = Agent;
			sourceTree = "<group>";
		};
		AA0000000000000000000500 = {
			isa = PBXGroup;
			children = (
				AA0000000000000000000501 /* Sora */,
				AA0000000000000000000504 /* SoraTests */,
				AA0000000000000000000108 /* GhosttyKit.xcframework */,
				AA0000000000000000000109 /* terminfo */,
				AA0000000000000000000114 /* ghostty */,
				AA0000000000000000000505 /* Products */,
			);
			sourceTree = "<group>";
		};
		AA0000000000000000000501 /* Sora */ = {
			isa = PBXGroup;
			children = (
				UP000000000000000000000D /* Info.plist */,
				AA0000000000000000000502 /* Application */,
				AA0000000000000000000503 /* Terminal */,
				AA0000000000000000000506 /* Workspace */,
				AA0000000000000000000507 /* Commands */,
				AA0000000000000000000508 /* Storage */,
				AA0000000000000000000509 /* Completion */,
				AA0000000000000000000510 /* Intelligence */,
				CC00000000000000000001F5 /* Providers */,
				CC00000000000000000001F4 /* Agent */,
				AA0000000000000000000511 /* Resources */,
			);
			path = Sora;
			sourceTree = "<group>";
		};
		AA0000000000000000000502 /* Application */ = {
			isa = PBXGroup;
			children = (
				AA0000000000000000000101 /* SoraApp.swift */,
				UP0000000000000000000008 /* UpdateController.swift */,
				UP0000000000000000000009 /* UpdateCheckPolicy.swift */,
				AA0000000000000000000102 /* ContentView.swift */,
				AA0000000000000000000105 /* SoraTheme.swift */,
				AA00000000000000000001D1 /* TerminalPreferences.swift */,
				AA00000000000000000001D2 /* SoraSettingsView.swift */,
				AA0000000000000000000190 /* HushLogin.swift */,
				AA0000000000000000000191 /* SoraZshBootstrap.swift */,
			);
			path = Application;
			sourceTree = "<group>";
		};
		AA0000000000000000000511 /* Resources */ = {
			isa = PBXGroup;
			children = (
				AA00000000000000000001B0 /* Assets.xcassets */,
				AA0000000000000000000118 /* sora.ghostty */,
				AA0000000000000000000119 /* cursor-blink.ghostty */,
				AA000000000000000000011A /* cursor-blink.glsl */,
				AA0000000000000000000192 /* zsh */,
			);
			path = Resources;
			sourceTree = "<group>";
		};
		AA0000000000000000000503 /* Terminal */ = {
			isa = PBXGroup;
			children = (
				AA0000000000000000000103 /* GhosttyRuntime.swift */,
				AA0000000000000000000104 /* GhosttySurfaceView.swift */,
				AA0000000000000000000106 /* GhosttyInput.swift */,
				AA0000000000000000000116 /* GhosttyInputKit.swift */,
				AA0000000000000000000107 /* GhosttyClipboard.swift */,
				AA0000000000000000000117 /* GhosttyClipboardKit.swift */,
			);
			path = Terminal;
			sourceTree = "<group>";
		};
		AA0000000000000000000506 /* Workspace */ = {
			isa = PBXGroup;
			children = (
				AA0000000000000000000120 /* WorkspaceSnapshot.swift */,
				AA0000000000000000000121 /* WorkspaceModel.swift */,
				AA0000000000000000000122 /* WorkspaceRestore.swift */,
				AA0000000000000000000123 /* WorkspaceController.swift */,
				AA0000000000000000000124 /* WorkspaceTabBar.swift */,
				AA0000000000000000000128 /* SessionHeader.swift */,
				AA000000000000000000012A /* PathActions.swift */,
				AA000000000000000000012B /* ContextChip.swift */,
				AA0000000000000000000125 /* WorkspaceHostView.swift */,
				AA0000000000000000000129 /* TerminalPaneView.swift */,
				AA0000000000000000000126 /* ForegroundWorkingDirectory.swift */,
				AA0000000000000000000127 /* WorkspaceCommands.swift */,
			);
			path = Workspace;
			sourceTree = "<group>";
		};
		AA0000000000000000000507 /* Commands */ = {
			isa = PBXGroup;
			children = (
				AA0000000000000000000140 /* CommandRun.swift */,
				AA0000000000000000000141 /* CommandRunFactory.swift */,
				AA0000000000000000000143 /* CommandHistoryView.swift */,
			);
			path = Commands;
			sourceTree = "<group>";
		};
		AA0000000000000000000508 /* Storage */ = {
			isa = PBXGroup;
			children = (
				CC0000000000000000000068 /* AICredentialStore.swift */,
				CC0000000000000000000069 /* AIConversationStore.swift */,
				AA0000000000000000000142 /* CommandHistoryStore.swift */,
			);
			path = Storage;
			sourceTree = "<group>";
		};
		AA0000000000000000000509 /* Completion */ = {
			isa = PBXGroup;
			children = (
				AA0000000000000000000160 /* PromptBuffer.swift */,
				AA0000000000000000000161 /* GitRepository.swift */,
				AA0000000000000000000162 /* PathCompleter.swift */,
				AA0000000000000000000163 /* CompletionEngine.swift */,
				AA0000000000000000000164 /* CompletionSession.swift */,
				AA0000000000000000000165 /* GhostTextView.swift */,
				AA0000000000000000000166 /* StickyPromptBar.swift */,
				AA0000000000000000000167 /* StickyPromptBarModel.swift */,
				AA0000000000000000000168 /* ShellEditLine.swift */,
			);
			path = Completion;
			sourceTree = "<group>";
		};
		AA0000000000000000000510 /* Intelligence */ = {
			isa = PBXGroup;
			children = (
				AA0000000000000000000180 /* NextCommandEngine.swift */,
			);
			path = Intelligence;
			sourceTree = "<group>";
		};
		AA0000000000000000000504 /* SoraTests */ = {
			isa = PBXGroup;
			children = (
				UP000000000000000000000C /* UpdateCheckPolicyTests.swift */,
				CC000000000000000000006A /* AITests.swift */,
				MD0000000000000000000021 /* CommandBlocksTests.swift */,
				MD0000000000000000000011 /* AgentMarkdownTests.swift */,
				EF0000000000000000000001 /* PromptIntentClassifierTests.swift */,
				EF0000000000000000000003 /* ShellCommandResolverTests.swift */,
				EE0000000000000000000003 /* WebpageTests.swift */,
				AA0000000000000000000110 /* GhosttyInputTests.swift */,
				AA0000000000000000000111 /* GhosttyClipboardTests.swift */,
				AA0000000000000000000130 /* WorkspaceSnapshotTests.swift */,
				AA0000000000000000000131 /* WorkspaceModelTests.swift */,
				AA0000000000000000000134 /* PathLinkParserTests.swift */,
				AA0000000000000000000132 /* WorkspaceRestoreTests.swift */,
				AA0000000000000000000133 /* ForegroundWorkingDirectoryTests.swift */,
				AA0000000000000000000150 /* CommandRunFactoryTests.swift */,
				AA0000000000000000000151 /* CommandHistoryStoreTests.swift */,
				AA0000000000000000000170 /* PromptBufferTests.swift */,
				AA0000000000000000000175 /* PromptLineRecoveryTests.swift */,
				AA0000000000000000000176 /* ShellEditLineTests.swift */,
				AA0000000000000000000171 /* PathCompleterTests.swift */,
				AA0000000000000000000172 /* CompletionEngineTests.swift */,
				AA0000000000000000000173 /* GitRepositoryTests.swift */,
				AA0000000000000000000174 /* CompletionSessionTests.swift */,
				AA0000000000000000000181 /* NextCommandEngineTests.swift */,
				AA0000000000000000000182 /* StickyPromptBarTests.swift */,
				AA0000000000000000000193 /* HushLoginTests.swift */,
				AA0000000000000000000194 /* SoraZshBootstrapTests.swift */,
				AA0000000000000000000195 /* ShellHighlightTests.swift */,
			);
			path = SoraTests;
			sourceTree = "<group>";
		};
		AA0000000000000000000505 /* Products */ = {
			isa = PBXGroup;
			children = (
				AA0000000000000000000112 /* Sora.app */,
				AA0000000000000000000113 /* SoraTests.xctest */,
			);
			name = Products;
			sourceTree = "<group>";
		};
/* End PBXGroup section */

/* Begin PBXNativeTarget section */
		AA0000000000000000000301 /* Sora */ = {
			isa = PBXNativeTarget;
			buildConfigurationList = AA0000000000000000000601 /* Build configuration list for PBXNativeTarget "Sora" */;
			buildPhases = (
				AA0000000000000000000403 /* Sources */,
				AA0000000000000000000401 /* Frameworks */,
				AA0000000000000000000404 /* Resources */,
			);
			buildRules = (
			);
			dependencies = (
			);
			name = Sora;
			packageProductDependencies = (
				UP0000000000000000000005 /* Sparkle */,
			);
			productName = Sora;
			productReference = AA0000000000000000000112 /* Sora.app */;
			productType = "com.apple.product-type.application";
		};
		AA0000000000000000000302 /* SoraTests */ = {
			isa = PBXNativeTarget;
			buildConfigurationList = AA0000000000000000000602 /* Build configuration list for PBXNativeTarget "SoraTests" */;
			buildPhases = (
				AA0000000000000000000405 /* Sources */,
				AA0000000000000000000402 /* Frameworks */,
			);
			buildRules = (
			);
			dependencies = (
				AA0000000000000000000202 /* PBXTargetDependency */,
			);
			name = SoraTests;
			productName = SoraTests;
			productReference = AA0000000000000000000113 /* SoraTests.xctest */;
			productType = "com.apple.product-type.bundle.unit-test";
		};
/* End PBXNativeTarget section */

/* Begin PBXProject section */
		AA0000000000000000000000 /* Project object */ = {
			isa = PBXProject;
			attributes = {
				BuildIndependentTargetsInParallel = 1;
				LastSwiftUpdateCheck = 2600;
				LastUpgradeCheck = 2600;
			};
			buildConfigurationList = AA0000000000000000000600 /* Build configuration list for PBXProject "Sora" */;
			compatibilityVersion = "Xcode 15.0";
			developmentRegion = en;
			hasScannedForEncodings = 0;
			knownRegions = (
				en,
				Base,
			);
			mainGroup = AA0000000000000000000500;
			packageReferences = (
				UP0000000000000000000004 /* XCRemoteSwiftPackageReference "Sparkle" */,
			);
			productRefGroup = AA0000000000000000000505 /* Products */;
			projectDirPath = "";
			projectRoot = "";
			targets = (
				AA0000000000000000000301 /* Sora */,
				AA0000000000000000000302 /* SoraTests */,
			);
		};
/* End PBXProject section */

/* Begin PBXResourcesBuildPhase section */
		AA0000000000000000000404 /* Resources */ = {
			isa = PBXResourcesBuildPhase;
			buildActionMask = 2147483647;
			files = (
				AA0000000000000000000009 /* terminfo in Resources */,
				AA0000000000000000000013 /* ghostty in Resources */,
				AA00000000000000000000B0 /* Assets.xcassets in Resources */,
				AA0000000000000000000018 /* sora.ghostty in Resources */,
				AA0000000000000000000019 /* cursor-blink.ghostty in Resources */,
				AA000000000000000000001A /* cursor-blink.glsl in Resources */,
				AA00000000000000000000A3 /* zsh in Resources */,
			);
			runOnlyForDeploymentPostprocessing = 0;
		};
/* End PBXResourcesBuildPhase section */

/* Begin PBXSourcesBuildPhase section */
		AA0000000000000000000403 /* Sources */ = {
			isa = PBXSourcesBuildPhase;
			buildActionMask = 2147483647;
			files = (
				UP0000000000000000000006 /* UpdateController.swift in Sources */,
				UP0000000000000000000007 /* UpdateCheckPolicy.swift in Sources */,
				DD00000000000000000000C8 /* AIBackend.swift in Sources */,
				DD00000000000000000000C9 /* HTTPAIProvider.swift in Sources */,
				DD00000000000000000000CA /* CodexConnection.swift in Sources */,
				DD00000000000000000000CB /* CodexProvider.swift in Sources */,
				DD00000000000000000000CC /* CodexLogin.swift in Sources */,
				CC00000000000000000000C8 /* AIProvider.swift in Sources */,
				FG0000000000000000000064 /* AgentCommandProposal.swift in Sources */,
                FA0000000000000000000001,
                FB0000000000000000000001 /* AgentResumeStrip.swift in Sources */,
				EF0000000000000000000064 /* PromptIntentClassifier.swift in Sources */,
				EF0000000000000000000069 /* ShellCommandResolver.swift in Sources */,
				EE0000000000000000000066 /* WebpageFetcher.swift in Sources */,
				EE0000000000000000000064 /* WebpageAttachment.swift in Sources */,
				CC00000000000000000000C9 /* AskSession.swift in Sources */,
				CC00000000000000000000CA /* AskView.swift in Sources */,
				VC0000000000000000000002 /* VoiceInputController.swift in Sources */,
				RV0000000000000000000002 /* RealtimeVoiceController.swift in Sources */,
				MD0000000000000000000001 /* AgentMarkdownText.swift in Sources */,
				MD0000000000000000000004 /* AgentMarkdown.swift in Sources */,
				MD0000000000000000000006 /* AgentEnvelope.swift in Sources */,
				CC00000000000000000000CB /* OpenAIProvider.swift in Sources */,
				CC00000000000000000000CC /* AICredentialStore.swift in Sources */,
				CC00000000000000000000CD /* AIConversationStore.swift in Sources */,
				AA0000000000000000000001 /* SoraApp.swift in Sources */,
				AA0000000000000000000002 /* ContentView.swift in Sources */,
				AA0000000000000000000005 /* SoraTheme.swift in Sources */,
				AA00000000000000000000D1 /* TerminalPreferences.swift in Sources */,
				AA00000000000000000000D2 /* SoraSettingsView.swift in Sources */,
				AA00000000000000000000A1 /* HushLogin.swift in Sources */,
				AA00000000000000000000A2 /* SoraZshBootstrap.swift in Sources */,
				AA0000000000000000000003 /* GhosttyRuntime.swift in Sources */,
				AA0000000000000000000004 /* GhosttySurfaceView.swift in Sources */,
				AA0000000000000000000006 /* GhosttyInput.swift in Sources */,
				AA0000000000000000000016 /* GhosttyInputKit.swift in Sources */,
				AA0000000000000000000007 /* GhosttyClipboard.swift in Sources */,
				AA0000000000000000000017 /* GhosttyClipboardKit.swift in Sources */,
				AA0000000000000000000020 /* WorkspaceSnapshot.swift in Sources */,
				AA0000000000000000000021 /* WorkspaceModel.swift in Sources */,
				AA0000000000000000000022 /* WorkspaceRestore.swift in Sources */,
				AA0000000000000000000023 /* WorkspaceController.swift in Sources */,
				AA0000000000000000000024 /* WorkspaceTabBar.swift in Sources */,
				AA0000000000000000000028 /* SessionHeader.swift in Sources */,
				AA000000000000000000002A /* PathActions.swift in Sources */,
				AA000000000000000000002B /* ContextChip.swift in Sources */,
				AA0000000000000000000025 /* WorkspaceHostView.swift in Sources */,
				AA0000000000000000000029 /* TerminalPaneView.swift in Sources */,
				AA0000000000000000000026 /* ForegroundWorkingDirectory.swift in Sources */,
				AA0000000000000000000027 /* WorkspaceCommands.swift in Sources */,
				AA0000000000000000000040 /* CommandRun.swift in Sources */,
				AA0000000000000000000041 /* CommandRunFactory.swift in Sources */,
				AA0000000000000000000042 /* CommandHistoryStore.swift in Sources */,
				AA0000000000000000000043 /* CommandHistoryView.swift in Sources */,
				AA0000000000000000000060 /* PromptBuffer.swift in Sources */,
				AA0000000000000000000061 /* GitRepository.swift in Sources */,
				AA0000000000000000000062 /* PathCompleter.swift in Sources */,
				AA0000000000000000000063 /* CompletionEngine.swift in Sources */,
				AA0000000000000000000064 /* CompletionSession.swift in Sources */,
				AA0000000000000000000065 /* GhostTextView.swift in Sources */,
				AA0000000000000000000066 /* StickyPromptBar.swift in Sources */,
				AA0000000000000000000067 /* StickyPromptBarModel.swift in Sources */,
				AA0000000000000000000068 /* PromptLineRecovery.swift in Sources */,
				AA0000000000000000000090 /* NextCommandEngine.swift in Sources */,
			);
			runOnlyForDeploymentPostprocessing = 0;
		};
		AA0000000000000000000405 /* Sources */ = {
			isa = PBXSourcesBuildPhase;
			buildActionMask = 2147483647;
			files = (
				UP000000000000000000000A /* UpdateCheckPolicy.swift in Sources */,
				UP000000000000000000000B /* UpdateCheckPolicyTests.swift in Sources */,
				DD000000000000000000012C /* AIBackend.swift in Sources */,
				DD000000000000000000012D /* HTTPAIProvider.swift in Sources */,
				DD000000000000000000012E /* CodexConnection.swift in Sources */,
				DD000000000000000000012F /* CodexProvider.swift in Sources */,
				DD0000000000000000000130 /* CodexLogin.swift in Sources */,
				CC000000000000000000012C /* AIProvider.swift in Sources */,
				FG0000000000000000000065 /* AgentCommandProposal.swift in Sources */,
                FA0000000000000000000002,
                FB0000000000000000000002 /* AgentResumeStrip.swift in Sources */,
				EF0000000000000000000066 /* PromptIntentClassifierTests.swift in Sources */,
				EF0000000000000000000065 /* PromptIntentClassifier.swift in Sources */,
				EF000000000000000000006A /* ShellCommandResolver.swift in Sources */,
				EF000000000000000000006B /* ShellCommandResolverTests.swift in Sources */,
				EE000000000000000000006B /* WebpageTests.swift in Sources */,
				EE0000000000000000000067 /* WebpageFetcher.swift in Sources */,
				EE0000000000000000000065 /* WebpageAttachment.swift in Sources */,
				CC000000000000000000012D /* AskSession.swift in Sources */,
				CC000000000000000000012F /* OpenAIProvider.swift in Sources */,
				CC0000000000000000000130 /* AICredentialStore.swift in Sources */,
				CC0000000000000000000131 /* AIConversationStore.swift in Sources */,
				CC0000000000000000000132 /* AITests.swift in Sources */,
				MD0000000000000000000020 /* CommandBlocksTests.swift in Sources */,
				MD0000000000000000000002 /* AgentMarkdownTests.swift in Sources */,
				MD0000000000000000000005 /* AgentMarkdown.swift in Sources */,
				MD0000000000000000000007 /* AgentEnvelope.swift in Sources */,
				AA00000000000000000000B1 /* GhostTextView.swift in Sources */,
				AA00000000000000000000B2 /* SoraTheme.swift in Sources */,
				AA00000000000000000000E1 /* TerminalPreferences.swift in Sources */,
				AA0000000000000000000010 /* GhosttyInputTests.swift in Sources */,
				AA0000000000000000000011 /* GhosttyClipboardTests.swift in Sources */,
				AA0000000000000000000014 /* GhosttyInput.swift in Sources */,
				AA0000000000000000000015 /* GhosttyClipboard.swift in Sources */,
				AA0000000000000000000030 /* WorkspaceSnapshotTests.swift in Sources */,
				AA0000000000000000000031 /* WorkspaceModelTests.swift in Sources */,
				AA0000000000000000000038 /* PathLinkParserTests.swift in Sources */,
				AA000000000000000000002C /* PathActions.swift in Sources */,
				AA0000000000000000000032 /* WorkspaceRestoreTests.swift in Sources */,
				AA0000000000000000000033 /* ForegroundWorkingDirectoryTests.swift in Sources */,
				AA0000000000000000000034 /* WorkspaceSnapshot.swift in Sources */,
				AA0000000000000000000035 /* WorkspaceModel.swift in Sources */,
				AA0000000000000000000036 /* WorkspaceRestore.swift in Sources */,
				AA0000000000000000000037 /* ForegroundWorkingDirectory.swift in Sources */,
				AA0000000000000000000050 /* CommandRunFactoryTests.swift in Sources */,
				AA0000000000000000000051 /* CommandHistoryStoreTests.swift in Sources */,
				AA0000000000000000000052 /* CommandRun.swift in Sources */,
				AA0000000000000000000053 /* CommandRunFactory.swift in Sources */,
				AA0000000000000000000054 /* CommandHistoryStore.swift in Sources */,
				AA0000000000000000000070 /* PromptBufferTests.swift in Sources */,
				AA0000000000000000000071 /* PathCompleterTests.swift in Sources */,
				AA0000000000000000000072 /* CompletionEngineTests.swift in Sources */,
				AA0000000000000000000073 /* GitRepositoryTests.swift in Sources */,
				AA0000000000000000000074 /* CompletionSessionTests.swift in Sources */,
				AA0000000000000000000075 /* PromptLineRecoveryTests.swift in Sources */,
				AA0000000000000000000076 /* ShellEditLineTests.swift in Sources */,
				AA0000000000000000000080 /* PromptBuffer.swift in Sources */,
				AA0000000000000000000081 /* GitRepository.swift in Sources */,
				AA0000000000000000000082 /* PathCompleter.swift in Sources */,
				AA0000000000000000000083 /* CompletionEngine.swift in Sources */,
				AA0000000000000000000084 /* CompletionSession.swift in Sources */,
				AA0000000000000000000088 /* PromptLineRecovery.swift in Sources */,
				AA0000000000000000000091 /* NextCommandEngine.swift in Sources */,
				AA0000000000000000000092 /* NextCommandEngineTests.swift in Sources */,
				AA0000000000000000000094 /* StickyPromptBarTests.swift in Sources */,
				AA0000000000000000000087 /* StickyPromptBarModel.swift in Sources */,
				AA00000000000000000000A4 /* HushLogin.swift in Sources */,
				AA00000000000000000000A5 /* SoraZshBootstrap.swift in Sources */,
				AA00000000000000000000A6 /* HushLoginTests.swift in Sources */,
				AA00000000000000000000A7 /* SoraZshBootstrapTests.swift in Sources */,
				AA00000000000000000000A8 /* ShellHighlightTests.swift in Sources */,
			);
			runOnlyForDeploymentPostprocessing = 0;
		};
/* End PBXSourcesBuildPhase section */

/* Begin PBXTargetDependency section */
		AA0000000000000000000202 /* PBXTargetDependency */ = {
			isa = PBXTargetDependency;
			target = AA0000000000000000000301 /* Sora */;
			targetProxy = AA0000000000000000000201 /* PBXContainerItemProxy */;
		};
/* End PBXTargetDependency section */

/* Begin XCRemoteSwiftPackageReference section */
		UP0000000000000000000004 /* XCRemoteSwiftPackageReference "Sparkle" */ = {
			isa = XCRemoteSwiftPackageReference;
			repositoryURL = "https://github.com/sparkle-project/Sparkle";
			requirement = {
				kind = upToNextMajorVersion;
				minimumVersion = 2.9.6;
			};
		};
/* End XCRemoteSwiftPackageReference section */

/* Begin XCSwiftPackageProductDependency section */
		UP0000000000000000000005 /* Sparkle */ = {
			isa = XCSwiftPackageProductDependency;
			package = UP0000000000000000000004 /* XCRemoteSwiftPackageReference "Sparkle" */;
			productName = Sparkle;
		};
/* End XCSwiftPackageProductDependency section */

/* Begin XCBuildConfiguration section */
		AA0000000000000000000701 /* Debug */ = {
			isa = XCBuildConfiguration;
			buildSettings = {
				ALWAYS_SEARCH_USER_PATHS = NO;
				CLANG_ENABLE_MODULES = YES;
				CLANG_ENABLE_OBJC_ARC = YES;
				COPY_PHASE_STRIP = NO;
				DEBUG_INFORMATION_FORMAT = dwarf;
				ENABLE_TESTABILITY = YES;
				ENABLE_USER_SCRIPT_SANDBOXING = YES;
				GCC_DYNAMIC_NO_PIC = NO;
				GCC_OPTIMIZATION_LEVEL = 0;
				MACOSX_DEPLOYMENT_TARGET = 13.0;
				ONLY_ACTIVE_ARCH = YES;
				SDKROOT = macosx;
				SWIFT_ACTIVE_COMPILATION_CONDITIONS = "DEBUG $(inherited)";
				SWIFT_OPTIMIZATION_LEVEL = "-Onone";
				SWIFT_VERSION = 5.0;
			};
			name = Debug;
		};
		AA0000000000000000000702 /* Release */ = {
			isa = XCBuildConfiguration;
			buildSettings = {
				ALWAYS_SEARCH_USER_PATHS = NO;
				CLANG_ENABLE_MODULES = YES;
				CLANG_ENABLE_OBJC_ARC = YES;
				COPY_PHASE_STRIP = NO;
				DEBUG_INFORMATION_FORMAT = "dwarf-with-dsym";
				ENABLE_USER_SCRIPT_SANDBOXING = YES;
				MACOSX_DEPLOYMENT_TARGET = 13.0;
				SDKROOT = macosx;
				SWIFT_COMPILATION_MODE = wholemodule;
				SWIFT_VERSION = 5.0;
			};
			name = Release;
		};
		AA0000000000000000000703 /* Debug */ = {
			isa = XCBuildConfiguration;
			buildSettings = {
				CODE_SIGN_IDENTITY = "-";
				CODE_SIGN_STYLE = Automatic;
				ASSETCATALOG_COMPILER_APPICON_NAME = AppIcon;
				COMBINE_HIDPI_IMAGES = YES;
				CURRENT_PROJECT_VERSION = 1;
				ENABLE_APP_SANDBOX = NO;
				ENABLE_HARDENED_RUNTIME = NO;
				GENERATE_INFOPLIST_FILE = NO;
				INFOPLIST_FILE = Sora/Info.plist;
				INFOPLIST_KEY_CFBundleDisplayName = Sora;
				INFOPLIST_KEY_CFBundleIconName = AppIcon;
				INFOPLIST_KEY_LSApplicationCategoryType = "public.app-category.developer-tools";
				INFOPLIST_KEY_NSHighResolutionCapable = YES;
				INFOPLIST_KEY_NSHumanReadableCopyright = "";
				LD_RUNPATH_SEARCH_PATHS = (
					"$(inherited)",
					"@executable_path/../Frameworks",
				);
				MARKETING_VERSION = 0.1.4;
				OTHER_LDFLAGS = (
					"-lstdc++",
					"-lsqlite3",
					"-framework",
					Carbon,
					"-framework",
					Metal,
					"-framework",
					MetalKit,
					"-framework",
					CoreText,
					"-framework",
					CoreGraphics,
					"-framework",
					QuartzCore,
					"-framework",
					IOSurface,
				);
				PRODUCT_BUNDLE_IDENTIFIER = dev.sora.app;
				PRODUCT_NAME = "$(TARGET_NAME)";
				SWIFT_EMIT_LOC_STRINGS = YES;
				SWIFT_VERSION = 5.0;
			};
			name = Debug;
		};
		AA0000000000000000000704 /* Release */ = {
			isa = XCBuildConfiguration;
			buildSettings = {
				CODE_SIGN_IDENTITY = "-";
				CODE_SIGN_STYLE = Automatic;
				ASSETCATALOG_COMPILER_APPICON_NAME = AppIcon;
				COMBINE_HIDPI_IMAGES = YES;
				CURRENT_PROJECT_VERSION = 1;
				ENABLE_APP_SANDBOX = NO;
				ENABLE_HARDENED_RUNTIME = NO;
				GENERATE_INFOPLIST_FILE = NO;
				INFOPLIST_FILE = Sora/Info.plist;
				INFOPLIST_KEY_CFBundleDisplayName = Sora;
				INFOPLIST_KEY_CFBundleIconName = AppIcon;
				INFOPLIST_KEY_LSApplicationCategoryType = "public.app-category.developer-tools";
				INFOPLIST_KEY_NSHighResolutionCapable = YES;
				INFOPLIST_KEY_NSHumanReadableCopyright = "";
				LD_RUNPATH_SEARCH_PATHS = (
					"$(inherited)",
					"@executable_path/../Frameworks",
				);
				MARKETING_VERSION = 0.1.4;
				OTHER_LDFLAGS = (
					"-lstdc++",
					"-lsqlite3",
					"-framework",
					Carbon,
					"-framework",
					Metal,
					"-framework",
					MetalKit,
					"-framework",
					CoreText,
					"-framework",
					CoreGraphics,
					"-framework",
					QuartzCore,
					"-framework",
					IOSurface,
				);
				PRODUCT_BUNDLE_IDENTIFIER = dev.sora.app;
				PRODUCT_NAME = "$(TARGET_NAME)";
				SWIFT_EMIT_LOC_STRINGS = YES;
				SWIFT_VERSION = 5.0;
			};
			name = Release;
		};
		AA0000000000000000000705 /* Debug */ = {
			isa = XCBuildConfiguration;
			buildSettings = {
				CODE_SIGN_IDENTITY = "-";
				CODE_SIGN_STYLE = Automatic;
				CURRENT_PROJECT_VERSION = 1;
				GENERATE_INFOPLIST_FILE = YES;
				MACOSX_DEPLOYMENT_TARGET = 14.0;
				MARKETING_VERSION = 0.1.4;
				OTHER_LDFLAGS = (
					"-lsqlite3",
				);
				PRODUCT_BUNDLE_IDENTIFIER = dev.sora.app.tests;
				PRODUCT_NAME = "$(TARGET_NAME)";
				SWIFT_VERSION = 5.0;
			};
			name = Debug;
		};
		AA0000000000000000000706 /* Release */ = {
			isa = XCBuildConfiguration;
			buildSettings = {
				CODE_SIGN_IDENTITY = "-";
				CODE_SIGN_STYLE = Automatic;
				CURRENT_PROJECT_VERSION = 1;
				GENERATE_INFOPLIST_FILE = YES;
				MACOSX_DEPLOYMENT_TARGET = 14.0;
				MARKETING_VERSION = 0.1.4;
				OTHER_LDFLAGS = (
					"-lsqlite3",
				);
				PRODUCT_BUNDLE_IDENTIFIER = dev.sora.app.tests;
				PRODUCT_NAME = "$(TARGET_NAME)";
				SWIFT_VERSION = 5.0;
			};
			name = Release;
		};
/* End XCBuildConfiguration section */

/* Begin XCConfigurationList section */
		AA0000000000000000000600 /* Build configuration list for PBXProject "Sora" */ = {
			isa = XCConfigurationList;
			buildConfigurations = (
				AA0000000000000000000701 /* Debug */,
				AA0000000000000000000702 /* Release */,
			);
			defaultConfigurationIsVisible = 0;
			defaultConfigurationName = Release;
		};
		AA0000000000000000000601 /* Build configuration list for PBXNativeTarget "Sora" */ = {
			isa = XCConfigurationList;
			buildConfigurations = (
				AA0000000000000000000703 /* Debug */,
				AA0000000000000000000704 /* Release */,
			);
			defaultConfigurationIsVisible = 0;
			defaultConfigurationName = Release;
		};
		AA0000000000000000000602 /* Build configuration list for PBXNativeTarget "SoraTests" */ = {
			isa = XCConfigurationList;
			buildConfigurations = (
				AA0000000000000000000705 /* Debug */,
				AA0000000000000000000706 /* Release */,
			);
			defaultConfigurationIsVisible = 0;
			defaultConfigurationName = Release;
		};
/* End XCConfigurationList section */
	};
	rootObject = AA0000000000000000000000 /* Project object */;
}
